
Microsoft Visual Studio Solution File, Format Version 12.00
# Visual Studio Version 17
VisualStudioVersion = 17.4.33006.217
MinimumVisualStudioVersion = 10.0.40219.1
Project("{FAE04EC0-301F-11D3-BF4B-00C04F79EFBC}") = "WebTestAzure", "WebTestAzure\WebTestAzure.csproj", "{B4BF6648-F13F-417B-9AAF-0B2F134776EC}"
EndProject
Global
	GlobalSection(SolutionConfigurationPlatforms) = preSolution
		Debug|Any CPU = Debug|Any CPU
		Release|Any CPU = Release|Any CPU
	EndGlobalSection
	GlobalSection(ProjectConfigurationPlatforms) = postSolution
		{B4BF6648-F13F-417B-9AAF-0B2F134776EC}.Debug|Any CPU.ActiveCfg = Debug|Any CPU
		{B4BF6648-F13F-417B-9AAF-0B2F134776EC}.Debug|Any CPU.Build.0 = Debug|Any CPU
		{B4BF6648-F13F-417B-9AAF-0B2F134776EC}.Release|Any CPU.ActiveCfg = Release|Any CPU
		{B4BF6648-F13F-417B-9AAF-0B2F134776EC}.Release|Any CPU.Build.0 = Release|Any CPU
	EndGlobalSection
	GlobalSection(SolutionProperties) = preSolution
		HideSolutionNode = FALSE
	EndGlobalSection
	GlobalSection(ExtensibilityGlobals) = postSolution
		SolutionGuid = {DCF22B00-AF08-4F88-B607-50BA74CEAD94}
	EndGlobalSection
EndGlobal
